
Microsoft Visual Studio Solution File, Format Version 12.00
# Visual Studio 15
VisualStudioVersion = 15.0.27130.2036
MinimumVisualStudioVersion = 10.0.40219.1
Project("{FAE04EC0-301F-11D3-BF4B-00C04F79EFBC}") = "View", "View\View.csproj", "{0D6DE7CA-39E2-4DA9-BEA2-40BBC8BF22DB}"
EndProject
Project("{FAE04EC0-301F-11D3-BF4B-00C04F79EFBC}") = "ViewModels", "ViewModels\ViewModels.csproj", "{337F89D3-BCE4-4FFF-BD5B-E656B3FDB2BF}"
EndProject
Project("{FAE04EC0-301F-11D3-BF4B-00C04F79EFBC}") = "Domain", "Domain\Domain.csproj", "{C3975F01-B345-495D-BB7D-14AE09E830BB}"
EndProject
Project("{2150E333-8FDC-42A3-9474-1A3956D46DE8}") = "Model", "Model", "{33A45FFC-4E70-487F-B037-0E3C7748131E}"
EndProject
Project("{2150E333-8FDC-42A3-9474-1A3956D46DE8}") = "Views", "Views", "{C8C7B910-97E4-4014-A1DB-EE4BD4BBD894}"
EndProject
Project("{2150E333-8FDC-42A3-9474-1A3956D46DE8}") = "ViewModel", "ViewModel", "{AD18B37E-0F27-496F-AC25-C27F9ABE3102}"
EndProject
Project("{FAE04EC0-301F-11D3-BF4B-00C04F79EFBC}") = "UnitTestProject1", "UnitTestProject1\UnitTestProject1.csproj", "{1DDC69BE-1B97-4B3E-9737-BB8D75D5A1B9}"
EndProject
Global
	GlobalSection(SolutionConfigurationPlatforms) = preSolution
		Debug|Any CPU = Debug|Any CPU
		Release|Any CPU = Release|Any CPU
	EndGlobalSection
	GlobalSection(ProjectConfigurationPlatforms) = postSolution
		{0D6DE7CA-39E2-4DA9-BEA2-40BBC8BF22DB}.Debug|Any CPU.ActiveCfg = Debug|Any CPU
		{0D6DE7CA-39E2-4DA9-BEA2-40BBC8BF22DB}.Debug|Any CPU.Build.0 = Debug|Any CPU
		{0D6DE7CA-39E2-4DA9-BEA2-40BBC8BF22DB}.Release|Any CPU.ActiveCfg = Release|Any CPU
		{0D6DE7CA-39E2-4DA9-BEA2-40BBC8BF22DB}.Release|Any CPU.Build.0 = Release|Any CPU
		{337F89D3-BCE4-4FFF-BD5B-E656B3FDB2BF}.Debug|Any CPU.ActiveCfg = Debug|Any CPU
		{337F89D3-BCE4-4FFF-BD5B-E656B3FDB2BF}.Debug|Any CPU.Build.0 = Debug|Any CPU
		{337F89D3-BCE4-4FFF-BD5B-E656B3FDB2BF}.Release|Any CPU.ActiveCfg = Release|Any CPU
		{337F89D3-BCE4-4FFF-BD5B-E656B3FDB2BF}.Release|Any CPU.Build.0 = Release|Any CPU
		{C3975F01-B345-495D-BB7D-14AE09E830BB}.Debug|Any CPU.ActiveCfg = Debug|Any CPU
		{C3975F01-B345-495D-BB7D-14AE09E830BB}.Debug|Any CPU.Build.0 = Debug|Any CPU
		{C3975F01-B345-495D-BB7D-14AE09E830BB}.Release|Any CPU.ActiveCfg = Release|Any CPU
		{C3975F01-B345-495D-BB7D-14AE09E830BB}.Release|Any CPU.Build.0 = Release|Any CPU
		{1DDC69BE-1B97-4B3E-9737-BB8D75D5A1B9}.Debug|Any CPU.ActiveCfg = Debug|Any CPU
		{1DDC69BE-1B97-4B3E-9737-BB8D75D5A1B9}.Debug|Any CPU.Build.0 = Debug|Any CPU
		{1DDC69BE-1B97-4B3E-9737-BB8D75D5A1B9}.Release|Any CPU.ActiveCfg = Release|Any CPU
		{1DDC69BE-1B97-4B3E-9737-BB8D75D5A1B9}.Release|Any CPU.Build.0 = Release|Any CPU
	EndGlobalSection
	GlobalSection(SolutionProperties) = preSolution
		HideSolutionNode = FALSE
	EndGlobalSection
	GlobalSection(NestedProjects) = preSolution
		{0D6DE7CA-39E2-4DA9-BEA2-40BBC8BF22DB} = {C8C7B910-97E4-4014-A1DB-EE4BD4BBD894}
		{337F89D3-BCE4-4FFF-BD5B-E656B3FDB2BF} = {AD18B37E-0F27-496F-AC25-C27F9ABE3102}
		{C3975F01-B345-495D-BB7D-14AE09E830BB} = {33A45FFC-4E70-487F-B037-0E3C7748131E}
	EndGlobalSection
	GlobalSection(ExtensibilityGlobals) = postSolution
		SolutionGuid = {A1F77C60-5F61-4411-8C74-10BCFCD5F1E4}
	EndGlobalSection
EndGlobal
